
Microsoft Visual Studio Solution File, Format Version 12.00
# Visual Studio 15
VisualStudioVersion = 15.0.26730.12
MinimumVisualStudioVersion = 10.0.40219.1
Project("{9092AA53-FB77-4645-B42D-1CCCA6BD08BD}") = "NodejsWebApp4", "NodejsWebApp4\NodejsWebApp4.njsproj", "{350F2A0A-C77B-4C95-8F2B-78363B753F5C}"
EndProject
Global
	GlobalSection(SolutionConfigurationPlatforms) = preSolution
		Debug|Any CPU = Debug|Any CPU
		Release|Any CPU = Release|Any CPU
	EndGlobalSection
	GlobalSection(ProjectConfigurationPlatforms) = postSolution
		{350F2A0A-C77B-4C95-8F2B-78363B753F5C}.Debug|Any CPU.ActiveCfg = Debug|Any CPU
		{350F2A0A-C77B-4C95-8F2B-78363B753F5C}.Debug|Any CPU.Build.0 = Debug|Any CPU
		{350F2A0A-C77B-4C95-8F2B-78363B753F5C}.Release|Any CPU.ActiveCfg = Release|Any CPU
		{350F2A0A-C77B-4C95-8F2B-78363B753F5C}.Release|Any CPU.Build.0 = Release|Any CPU
	EndGlobalSection
	GlobalSection(SolutionProperties) = preSolution
		HideSolutionNode = FALSE
	EndGlobalSection
	GlobalSection(ExtensibilityGlobals) = postSolution
		SolutionGuid = {8C0D9FBF-920D-4DAA-A929-F9235DB223E6}
	EndGlobalSection
EndGlobal
