
Microsoft Visual Studio Solution File, Format Version 12.00
# Visual Studio 15
VisualStudioVersion = 15.0.26730.12
MinimumVisualStudioVersion = 10.0.40219.1
Project("{9092AA53-FB77-4645-B42D-1CCCA6BD08BD}") = "NodejsWebApp6", "NodejsWebApp6\NodejsWebApp6.njsproj", "{164BCE3D-B556-4422-AC7E-5B735EED4DFA}"
EndProject
Global
	GlobalSection(SolutionConfigurationPlatforms) = preSolution
		Debug|Any CPU = Debug|Any CPU
		Release|Any CPU = Release|Any CPU
	EndGlobalSection
	GlobalSection(ProjectConfigurationPlatforms) = postSolution
		{164BCE3D-B556-4422-AC7E-5B735EED4DFA}.Debug|Any CPU.ActiveCfg = Debug|Any CPU
		{164BCE3D-B556-4422-AC7E-5B735EED4DFA}.Debug|Any CPU.Build.0 = Debug|Any CPU
		{164BCE3D-B556-4422-AC7E-5B735EED4DFA}.Release|Any CPU.ActiveCfg = Release|Any CPU
		{164BCE3D-B556-4422-AC7E-5B735EED4DFA}.Release|Any CPU.Build.0 = Release|Any CPU
	EndGlobalSection
	GlobalSection(SolutionProperties) = preSolution
		HideSolutionNode = FALSE
	EndGlobalSection
	GlobalSection(ExtensibilityGlobals) = postSolution
		SolutionGuid = {91F7EA7A-DA25-4213-9313-53E8157B0103}
	EndGlobalSection
EndGlobal
