
Microsoft Visual Studio Solution File, Format Version 12.00
# Visual Studio 15
VisualStudioVersion = 15.0.26730.12
MinimumVisualStudioVersion = 10.0.40219.1
Project("{9092AA53-FB77-4645-B42D-1CCCA6BD08BD}") = "NodejsWebApp2", "NodejsWebApp2\NodejsWebApp2.njsproj", "{BB715A55-7F4B-4971-8009-14DAEB4CE955}"
EndProject
Global
	GlobalSection(SolutionConfigurationPlatforms) = preSolution
		Debug|Any CPU = Debug|Any CPU
		Release|Any CPU = Release|Any CPU
	EndGlobalSection
	GlobalSection(ProjectConfigurationPlatforms) = postSolution
		{BB715A55-7F4B-4971-8009-14DAEB4CE955}.Debug|Any CPU.ActiveCfg = Debug|Any CPU
		{BB715A55-7F4B-4971-8009-14DAEB4CE955}.Debug|Any CPU.Build.0 = Debug|Any CPU
		{BB715A55-7F4B-4971-8009-14DAEB4CE955}.Release|Any CPU.ActiveCfg = Release|Any CPU
		{BB715A55-7F4B-4971-8009-14DAEB4CE955}.Release|Any CPU.Build.0 = Release|Any CPU
	EndGlobalSection
	GlobalSection(SolutionProperties) = preSolution
		HideSolutionNode = FALSE
	EndGlobalSection
	GlobalSection(ExtensibilityGlobals) = postSolution
		SolutionGuid = {6816B0B5-CC3A-4117-9746-73F95C3B94DE}
	EndGlobalSection
EndGlobal
